# This file is automatically @generated by Cargo.
# It is not intended for manual editing.
version = 3

[[package]]
name = "macros"
version = "0.1.0"

[[package]]
name = "tipc"
version = "0.1.0"

[[package]]
name = "tlib"
version = "0.1.0"

[[package]]
name = "tmio"
version = "0.1.0"

[[package]]
name = "tmui"
version = "0.1.0"
